// !$*UTF8*$!
{
	archiveVersion = 1;
	classes = {
	};
	objectVersion = 56;
	objects = {

/* Begin PBXBuildFile section */
		6CAB417B2B8BDF6D00F20D32 /* AuthPortalLoginView.swift in Sources */ = {isa = PBXBuildFile; fileRef = 6CAB417A2B8BDF6D00F20D32 /* AuthPortalLoginView.swift */; };
		6CAB417D2B8BFAF500F20D32 /* AuthUnesLoginView.swift in Sources */ = {isa = PBXBuildFile; fileRef = 6CAB417C2B8BFAF500F20D32 /* AuthUnesLoginView.swift */; };
		6CBE069C2B8BD11500C2E649 /* UNESApp.swift in Sources */ = {isa = PBXBuildFile; fileRef = 6CBE069B2B8BD11500C2E649 /* UNESApp.swift */; };
		6CBE069E2B8BD11500C2E649 /* ContentView.swift in Sources */ = {isa = PBXBuildFile; fileRef = 6CBE069D2B8BD11500C2E649 /* ContentView.swift */; };
		6CBE06A02B8BD11500C2E649 /* Item.swift in Sources */ = {isa = PBXBuildFile; fileRef = 6CBE069F2B8BD11500C2E649 /* Item.swift */; };
		6CBE06A22B8BD11600C2E649 /* Assets.xcassets in Resources */ = {isa = PBXBuildFile; fileRef = 6CBE06A12B8BD11600C2E649 /* Assets.xcassets */; };
		6CBE06A52B8BD11600C2E649 /* Preview Assets.xcassets in Resources */ = {isa = PBXBuildFile; fileRef = 6CBE06A42B8BD11600C2E649 /* Preview Assets.xcassets */; };
		6CBE06AD2B8BD55A00C2E649 /* RootView.swift in Sources */ = {isa = PBXBuildFile; fileRef = 6CBE06AC2B8BD55A00C2E649 /* RootView.swift */; };
		6CBE06B12B8BD5B700C2E649 /* AuthWelcomeView.swift in Sources */ = {isa = PBXBuildFile; fileRef = 6CBE06B02B8BD5B700C2E649 /* AuthWelcomeView.swift */; };
		6CBE06B32B8BDA4900C2E649 /* AuthRootView.swift in Sources */ = {isa = PBXBuildFile; fileRef = 6CBE06B22B8BDA4900C2E649 /* AuthRootView.swift */; };
		6CBE06B52B8BDAB800C2E649 /* RootRouter.swift in Sources */ = {isa = PBXBuildFile; fileRef = 6CBE06B42B8BDAB800C2E649 /* RootRouter.swift */; };
/* End PBXBuildFile section */

/* Begin PBXFileReference section */
		6CAB417A2B8BDF6D00F20D32 /* AuthPortalLoginView.swift */ = {isa = PBXFileReference; lastKnownFileType = sourcecode.swift; path = AuthPortalLoginView.swift; sourceTree = "<group>"; };
		6CAB417C2B8BFAF500F20D32 /* AuthUnesLoginView.swift */ = {isa = PBXFileReference; lastKnownFileType = sourcecode.swift; path = AuthUnesLoginView.swift; sourceTree = "<group>"; };
		6CBE06982B8BD11500C2E649 /* UNES.app */ = {isa = PBXFileReference; explicitFileType = wrapper.application; includeInIndex = 0; path = UNES.app; sourceTree = BUILT_PRODUCTS_DIR; };
		6CBE069B2B8BD11500C2E649 /* UNESApp.swift */ = {isa = PBXFileReference; lastKnownFileType = sourcecode.swift; path = UNESApp.swift; sourceTree = "<group>"; };
		6CBE069D2B8BD11500C2E649 /* ContentView.swift */ = {isa = PBXFileReference; lastKnownFileType = sourcecode.swift; path = ContentView.swift; sourceTree = "<group>"; };
		6CBE069F2B8BD11500C2E649 /* Item.swift */ = {isa = PBXFileReference; lastKnownFileType = sourcecode.swift; path = Item.swift; sourceTree = "<group>"; };
		6CBE06A12B8BD11600C2E649 /* Assets.xcassets */ = {isa = PBXFileReference; lastKnownFileType = folder.assetcatalog; path = Assets.xcassets; sourceTree = "<group>"; };
		6CBE06A42B8BD11600C2E649 /* Preview Assets.xcassets */ = {isa = PBXFileReference; lastKnownFileType = folder.assetcatalog; path = "Preview Assets.xcassets"; sourceTree = "<group>"; };
		6CBE06AC2B8BD55A00C2E649 /* RootView.swift */ = {isa = PBXFileReference; lastKnownFileType = sourcecode.swift; path = RootView.swift; sourceTree = "<group>"; };
		6CBE06B02B8BD5B700C2E649 /* AuthWelcomeView.swift */ = {isa = PBXFileReference; lastKnownFileType = sourcecode.swift; path = AuthWelcomeView.swift; sourceTree = "<group>"; };
		6CBE06B22B8BDA4900C2E649 /* AuthRootView.swift */ = {isa = PBXFileReference; lastKnownFileType = sourcecode.swift; path = AuthRootView.swift; sourceTree = "<group>"; };
		6CBE06B42B8BDAB800C2E649 /* RootRouter.swift */ = {isa = PBXFileReference; lastKnownFileType = sourcecode.swift; path = RootRouter.swift; sourceTree = "<group>"; };
/* End PBXFileReference section */

/* Begin PBXFrameworksBuildPhase section */
		6CBE06952B8BD11500C2E649 /* Frameworks */ = {
			isa = PBXFrameworksBuildPhase;
			buildActionMask = 2147483647;
			files = (
			);
			runOnlyForDeploymentPostprocessing = 0;
		};
/* End PBXFrameworksBuildPhase section */

/* Begin PBXGroup section */
		6CBE068F2B8BD11500C2E649 = {
			isa = PBXGroup;
			children = (
				6CBE069A2B8BD11500C2E649 /* UNES */,
				6CBE06992B8BD11500C2E649 /* Products */,
			);
			sourceTree = "<group>";
		};
		6CBE06992B8BD11500C2E649 /* Products */ = {
			isa = PBXGroup;
			children = (
				6CBE06982B8BD11500C2E649 /* UNES.app */,
			);
			name = Products;
			sourceTree = "<group>";
		};
		6CBE069A2B8BD11500C2E649 /* UNES */ = {
			isa = PBXGroup;
			children = (
				6CBE06AB2B8BD53C00C2E649 /* View */,
				6CBE069B2B8BD11500C2E649 /* UNESApp.swift */,
				6CBE069D2B8BD11500C2E649 /* ContentView.swift */,
				6CBE069F2B8BD11500C2E649 /* Item.swift */,
				6CBE06A12B8BD11600C2E649 /* Assets.xcassets */,
				6CBE06A32B8BD11600C2E649 /* Preview Content */,
			);
			path = UNES;
			sourceTree = "<group>";
		};
		6CBE06A32B8BD11600C2E649 /* Preview Content */ = {
			isa = PBXGroup;
			children = (
				6CBE06A42B8BD11600C2E649 /* Preview Assets.xcassets */,
			);
			path = "Preview Content";
			sourceTree = "<group>";
		};
		6CBE06AB2B8BD53C00C2E649 /* View */ = {
			isa = PBXGroup;
			children = (
				6CBE06AF2B8BD56B00C2E649 /* Home */,
				6CBE06AE2B8BD56500C2E649 /* Auth */,
				6CBE06AC2B8BD55A00C2E649 /* RootView.swift */,
				6CBE06B42B8BDAB800C2E649 /* RootRouter.swift */,
			);
			path = View;
			sourceTree = "<group>";
		};
		6CBE06AE2B8BD56500C2E649 /* Auth */ = {
			isa = PBXGroup;
			children = (
				6CBE06B02B8BD5B700C2E649 /* AuthWelcomeView.swift */,
				6CBE06B22B8BDA4900C2E649 /* AuthRootView.swift */,
				6CAB417A2B8BDF6D00F20D32 /* AuthPortalLoginView.swift */,
				6CAB417C2B8BFAF500F20D32 /* AuthUnesLoginView.swift */,
			);
			path = Auth;
			sourceTree = "<group>";
		};
		6CBE06AF2B8BD56B00C2E649 /* Home */ = {
			isa = PBXGroup;
			children = (
			);
			path = Home;
			sourceTree = "<group>";
		};
/* End PBXGroup section */

/* Begin PBXNativeTarget section */
		6CBE06972B8BD11500C2E649 /* UNES */ = {
			isa = PBXNativeTarget;
			buildConfigurationList = 6CBE06A82B8BD11600C2E649 /* Build configuration list for PBXNativeTarget "UNES" */;
			buildPhases = (
				6CBE06942B8BD11500C2E649 /* Sources */,
				6CBE06952B8BD11500C2E649 /* Frameworks */,
				6CBE06962B8BD11500C2E649 /* Resources */,
			);
			buildRules = (
			);
			dependencies = (
			);
			name = UNES;
			productName = UNES;
			productReference = 6CBE06982B8BD11500C2E649 /* UNES.app */;
			productType = "com.apple.product-type.application";
		};
/* End PBXNativeTarget section */

/* Begin PBXProject section */
		6CBE06902B8BD11500C2E649 /* Project object */ = {
			isa = PBXProject;
			attributes = {
				BuildIndependentTargetsInParallel = 1;
				LastSwiftUpdateCheck = 1520;
				LastUpgradeCheck = 1520;
				TargetAttributes = {
					6CBE06972B8BD11500C2E649 = {
						CreatedOnToolsVersion = 15.2;
					};
				};
			};
			buildConfigurationList = 6CBE06932B8BD11500C2E649 /* Build configuration list for PBXProject "UNES" */;
			compatibilityVersion = "Xcode 14.0";
			developmentRegion = en;
			hasScannedForEncodings = 0;
			knownRegions = (
				en,
				Base,
			);
			mainGroup = 6CBE068F2B8BD11500C2E649;
			productRefGroup = 6CBE06992B8BD11500C2E649 /* Products */;
			projectDirPath = "";
			projectRoot = "";
			targets = (
				6CBE06972B8BD11500C2E649 /* UNES */,
			);
		};
/* End PBXProject section */

/* Begin PBXResourcesBuildPhase section */
		6CBE06962B8BD11500C2E649 /* Resources */ = {
			isa = PBXResourcesBuildPhase;
			buildActionMask = 2147483647;
			files = (
				6CBE06A52B8BD11600C2E649 /* Preview Assets.xcassets in Resources */,
				6CBE06A22B8BD11600C2E649 /* Assets.xcassets in Resources */,
			);
			runOnlyForDeploymentPostprocessing = 0;
		};
/* End PBXResourcesBuildPhase section */

/* Begin PBXSourcesBuildPhase section */
		6CBE06942B8BD11500C2E649 /* Sources */ = {
			isa = PBXSourcesBuildPhase;
			buildActionMask = 2147483647;
			files = (
				6CAB417D2B8BFAF500F20D32 /* AuthUnesLoginView.swift in Sources */,
				6CBE06AD2B8BD55A00C2E649 /* RootView.swift in Sources */,
				6CBE069E2B8BD11500C2E649 /* ContentView.swift in Sources */,
				6CBE06B32B8BDA4900C2E649 /* AuthRootView.swift in Sources */,
				6CBE06B12B8BD5B700C2E649 /* AuthWelcomeView.swift in Sources */,
				6CAB417B2B8BDF6D00F20D32 /* AuthPortalLoginView.swift in Sources */,
				6CBE06B52B8BDAB800C2E649 /* RootRouter.swift in Sources */,
				6CBE06A02B8BD11500C2E649 /* Item.swift in Sources */,
				6CBE069C2B8BD11500C2E649 /* UNESApp.swift in Sources */,
			);
			runOnlyForDeploymentPostprocessing = 0;
		};
/* End PBXSourcesBuildPhase section */

/* Begin XCBuildConfiguration section */
		6CBE06A62B8BD11600C2E649 /* Debug */ = {
			isa = XCBuildConfiguration;
			buildSettings = {
				ALWAYS_SEARCH_USER_PATHS = NO;
				ASSETCATALOG_COMPILER_GENERATE_SWIFT_ASSET_SYMBOL_EXTENSIONS = YES;
				CLANG_ANALYZER_NONNULL = YES;
				CLANG_ANALYZER_NUMBER_OBJECT_CONVERSION = YES_AGGRESSIVE;
				CLANG_CXX_LANGUAGE_STANDARD = "gnu++20";
				CLANG_ENABLE_MODULES = YES;
				CLANG_ENABLE_OBJC_ARC = YES;
				CLANG_ENABLE_OBJC_WEAK = YES;
				CLANG_WARN_BLOCK_CAPTURE_AUTORELEASING = YES;
				CLANG_WARN_BOOL_CONVERSION = YES;
				CLANG_WARN_COMMA = YES;
				CLANG_WARN_CONSTANT_CONVERSION = YES;
				CLANG_WARN_DEPRECATED_OBJC_IMPLEMENTATIONS = YES;
				CLANG_WARN_DIRECT_OBJC_ISA_USAGE = YES_ERROR;
				CLANG_WARN_DOCUMENTATION_COMMENTS = YES;
				CLANG_WARN_EMPTY_BODY = YES;
				CLANG_WARN_ENUM_CONVERSION = YES;
				CLANG_WARN_INFINITE_RECURSION = YES;
				CLANG_WARN_INT_CONVERSION = YES;
				CLANG_WARN_NON_LITERAL_NULL_CONVERSION = YES;
				CLANG_WARN_OBJC_IMPLICIT_RETAIN_SELF = YES;
				CLANG_WARN_OBJC_LITERAL_CONVERSION = YES;
				CLANG_WARN_OBJC_ROOT_CLASS = YES_ERROR;
				CLANG_WARN_QUOTED_INCLUDE_IN_FRAMEWORK_HEADER = YES;
				CLANG_WARN_RANGE_LOOP_ANALYSIS = YES;
				CLANG_WARN_STRICT_PROTOTYPES = YES;
				CLANG_WARN_SUSPICIOUS_MOVE = YES;
				CLANG_WARN_UNGUARDED_AVAILABILITY = YES_AGGRESSIVE;
				CLANG_WARN_UNREACHABLE_CODE = YES;
				CLANG_WARN__DUPLICATE_METHOD_MATCH = YES;
				COPY_PHASE_STRIP = NO;
				DEBUG_INFORMATION_FORMAT = dwarf;
				ENABLE_STRICT_OBJC_MSGSEND = YES;
				ENABLE_TESTABILITY = YES;
				ENABLE_USER_SCRIPT_SANDBOXING = YES;
				GCC_C_LANGUAGE_STANDARD = gnu17;
				GCC_DYNAMIC_NO_PIC = NO;
				GCC_NO_COMMON_BLOCKS = YES;
				GCC_OPTIMIZATION_LEVEL = 0;
				GCC_PREPROCESSOR_DEFINITIONS = (
					"DEBUG=1",
					"$(inherited)",
				);
				GCC_WARN_64_TO_32_BIT_CONVERSION = YES;
				GCC_WARN_ABOUT_RETURN_TYPE = YES_ERROR;
				GCC_WARN_UNDECLARED_SELECTOR = YES;
				GCC_WARN_UNINITIALIZED_AUTOS = YES_AGGRESSIVE;
				GCC_WARN_UNUSED_FUNCTION = YES;
				GCC_WARN_UNUSED_VARIABLE = YES;
				IPHONEOS_DEPLOYMENT_TARGET = 17.2;
				LOCALIZATION_PREFERS_STRING_CATALOGS = YES;
				MTL_ENABLE_DEBUG_INFO = INCLUDE_SOURCE;
				MTL_FAST_MATH = YES;
				ONLY_ACTIVE_ARCH = YES;
				SDKROOT = iphoneos;
				SWIFT_ACTIVE_COMPILATION_CONDITIONS = "DEBUG $(inherited)";
				SWIFT_OPTIMIZATION_LEVEL = "-Onone";
			};
			name = Debug;
		};
		6CBE06A72B8BD11600C2E649 /* Release */ = {
			isa = XCBuildConfiguration;
			buildSettings = {
				ALWAYS_SEARCH_USER_PATHS = NO;
				ASSETCATALOG_COMPILER_GENERATE_SWIFT_ASSET_SYMBOL_EXTENSIONS = YES;
				CLANG_ANALYZER_NONNULL = YES;
				CLANG_ANALYZER_NUMBER_OBJECT_CONVERSION = YES_AGGRESSIVE;
				CLANG_CXX_LANGUAGE_STANDARD = "gnu++20";
				CLANG_ENABLE_MODULES = YES;
				CLANG_ENABLE_OBJC_ARC = YES;
				CLANG_ENABLE_OBJC_WEAK = YES;
				CLANG_WARN_BLOCK_CAPTURE_AUTORELEASING = YES;
				CLANG_WARN_BOOL_CONVERSION = YES;
				CLANG_WARN_COMMA = YES;
				CLANG_WARN_CONSTANT_CONVERSION = YES;
				CLANG_WARN_DEPRECATED_OBJC_IMPLEMENTATIONS = YES;
				CLANG_WARN_DIRECT_OBJC_ISA_USAGE = YES_ERROR;
				CLANG_WARN_DOCUMENTATION_COMMENTS = YES;
				CLANG_WARN_EMPTY_BODY = YES;
				CLANG_WARN_ENUM_CONVERSION = YES;
				CLANG_WARN_INFINITE_RECURSION = YES;
				CLANG_WARN_INT_CONVERSION = YES;
				CLANG_WARN_NON_LITERAL_NULL_CONVERSION = YES;
				CLANG_WARN_OBJC_IMPLICIT_RETAIN_SELF = YES;
				CLANG_WARN_OBJC_LITERAL_CONVERSION = YES;
				CLANG_WARN_OBJC_ROOT_CLASS = YES_ERROR;
				CLANG_WARN_QUOTED_INCLUDE_IN_FRAMEWORK_HEADER = YES;
				CLANG_WARN_RANGE_LOOP_ANALYSIS = YES;
				CLANG_WARN_STRICT_PROTOTYPES = YES;
				CLANG_WARN_SUSPICIOUS_MOVE = YES;
				CLANG_WARN_UNGUARDED_AVAILABILITY = YES_AGGRESSIVE;
				CLANG_WARN_UNREACHABLE_CODE = YES;
				CLANG_WARN__DUPLICATE_METHOD_MATCH = YES;
				COPY_PHASE_STRIP = NO;
				DEBUG_INFORMATION_FORMAT = "dwarf-with-dsym";
				ENABLE_NS_ASSERTIONS = NO;
				ENABLE_STRICT_OBJC_MSGSEND = YES;
				ENABLE_USER_SCRIPT_SANDBOXING = YES;
				GCC_C_LANGUAGE_STANDARD = gnu17;
				GCC_NO_COMMON_BLOCKS = YES;
				GCC_WARN_64_TO_32_BIT_CONVERSION = YES;
				GCC_WARN_ABOUT_RETURN_TYPE = YES_ERROR;
				GCC_WARN_UNDECLARED_SELECTOR = YES;
				GCC_WARN_UNINITIALIZED_AUTOS = YES_AGGRESSIVE;
				GCC_WARN_UNUSED_FUNCTION = YES;
				GCC_WARN_UNUSED_VARIABLE = YES;
				IPHONEOS_DEPLOYMENT_TARGET = 17.2;
				LOCALIZATION_PREFERS_STRING_CATALOGS = YES;
				MTL_ENABLE_DEBUG_INFO = NO;
				MTL_FAST_MATH = YES;
				SDKROOT = iphoneos;
				SWIFT_COMPILATION_MODE = wholemodule;
				VALIDATE_PRODUCT = YES;
			};
			name = Release;
		};
		6CBE06A92B8BD11600C2E649 /* Debug */ = {
			isa = XCBuildConfiguration;
			buildSettings = {
				ASSETCATALOG_COMPILER_APPICON_NAME = AppIcon;
				ASSETCATALOG_COMPILER_GLOBAL_ACCENT_COLOR_NAME = AccentColor;
				CODE_SIGN_STYLE = Automatic;
				CURRENT_PROJECT_VERSION = 1;
				DEVELOPMENT_ASSET_PATHS = "\"UNES/Preview Content\"";
				DEVELOPMENT_TEAM = 5GH6Q6KS69;
				ENABLE_PREVIEWS = YES;
				GENERATE_INFOPLIST_FILE = YES;
				INFOPLIST_KEY_LSApplicationCategoryType = "public.app-category.education";
				INFOPLIST_KEY_UIApplicationSceneManifest_Generation = YES;
				INFOPLIST_KEY_UIApplicationSupportsIndirectInputEvents = YES;
				INFOPLIST_KEY_UILaunchScreen_Generation = YES;
				INFOPLIST_KEY_UISupportedInterfaceOrientations_iPad = "UIInterfaceOrientationPortrait UIInterfaceOrientationPortraitUpsideDown UIInterfaceOrientationLandscapeLeft UIInterfaceOrientationLandscapeRight";
				INFOPLIST_KEY_UISupportedInterfaceOrientations_iPhone = "UIInterfaceOrientationPortrait UIInterfaceOrientationLandscapeLeft UIInterfaceOrientationLandscapeRight";
				IPHONEOS_DEPLOYMENT_TARGET = 17.0;
				LD_RUNPATH_SEARCH_PATHS = (
					"$(inherited)",
					"@executable_path/Frameworks",
				);
				MARKETING_VERSION = 1.0;
				PRODUCT_BUNDLE_IDENTIFIER = dev.forcetower.unes.ios;
				PRODUCT_NAME = "$(TARGET_NAME)";
				SWIFT_EMIT_LOC_STRINGS = YES;
				SWIFT_VERSION = 5.0;
				TARGETED_DEVICE_FAMILY = "1,2";
			};
			name = Debug;
		};
		6CBE06AA2B8BD11600C2E649 /* Release */ = {
			isa = XCBuildConfiguration;
			buildSettings = {
				ASSETCATALOG_COMPILER_APPICON_NAME = AppIcon;
				ASSETCATALOG_COMPILER_GLOBAL_ACCENT_COLOR_NAME = AccentColor;
				CODE_SIGN_STYLE = Automatic;
				CURRENT_PROJECT_VERSION = 1;
				DEVELOPMENT_ASSET_PATHS = "\"UNES/Preview Content\"";
				DEVELOPMENT_TEAM = 5GH6Q6KS69;
				ENABLE_PREVIEWS = YES;
				GENERATE_INFOPLIST_FILE = YES;
				INFOPLIST_KEY_LSApplicationCategoryType = "public.app-category.education";
				INFOPLIST_KEY_UIApplicationSceneManifest_Generation = YES;
				INFOPLIST_KEY_UIApplicationSupportsIndirectInputEvents = YES;
				INFOPLIST_KEY_UILaunchScreen_Generation = YES;
				INFOPLIST_KEY_UISupportedInterfaceOrientations_iPad = "UIInterfaceOrientationPortrait UIInterfaceOrientationPortraitUpsideDown UIInterfaceOrientationLandscapeLeft UIInterfaceOrientationLandscapeRight";
				INFOPLIST_KEY_UISupportedInterfaceOrientations_iPhone = "UIInterfaceOrientationPortrait UIInterfaceOrientationLandscapeLeft UIInterfaceOrientationLandscapeRight";
				IPHONEOS_DEPLOYMENT_TARGET = 17.0;
				LD_RUNPATH_SEARCH_PATHS = (
					"$(inherited)",
					"@executable_path/Frameworks",
				);
				MARKETING_VERSION = 1.0;
				PRODUCT_BUNDLE_IDENTIFIER = dev.forcetower.unes.ios;
				PRODUCT_NAME = "$(TARGET_NAME)";
				SWIFT_EMIT_LOC_STRINGS = YES;
				SWIFT_VERSION = 5.0;
				TARGETED_DEVICE_FAMILY = "1,2";
			};
			name = Release;
		};
/* End XCBuildConfiguration section */

/* Begin XCConfigurationList section */
		6CBE06932B8BD11500C2E649 /* Build configuration list for PBXProject "UNES" */ = {
			isa = XCConfigurationList;
			buildConfigurations = (
				6CBE06A62B8BD11600C2E649 /* Debug */,
				6CBE06A72B8BD11600C2E649 /* Release */,
			);
			defaultConfigurationIsVisible = 0;
			defaultConfigurationName = Release;
		};
		6CBE06A82B8BD11600C2E649 /* Build configuration list for PBXNativeTarget "UNES" */ = {
			isa = XCConfigurationList;
			buildConfigurations = (
				6CBE06A92B8BD11600C2E649 /* Debug */,
				6CBE06AA2B8BD11600C2E649 /* Release */,
			);
			defaultConfigurationIsVisible = 0;
			defaultConfigurationName = Release;
		};
/* End XCConfigurationList section */
	};
	rootObject = 6CBE06902B8BD11500C2E649 /* Project object */;
}
