// !$*UTF8*$!
{
	archiveVersion = 1;
	classes = {
	};
	objectVersion = 56;
	objects = {

/* Begin PBXBuildFile section */
		6C7E57A32B9E43480086A32D /* AttestationUseCase.swift in Sources */ = {isa = PBXBuildFile; fileRef = 6C7E57A22B9E43480086A32D /* AttestationUseCase.swift */; };
		6C7E57A62B9E45180086A32D /* AuthRepository.swift in Sources */ = {isa = PBXBuildFile; fileRef = 6C7E57A52B9E45180086A32D /* AuthRepository.swift */; };
		6C7E57A92B9E45550086A32D /* AuthService.swift in Sources */ = {isa = PBXBuildFile; fileRef = 6C7E57A82B9E45550086A32D /* AuthService.swift */; };
		6C7E57AB2B9E47000086A32D /* BaseService.swift in Sources */ = {isa = PBXBuildFile; fileRef = 6C7E57AA2B9E47000086A32D /* BaseService.swift */; };
		6C7E57AF2B9E48E00086A32D /* Assertion.swift in Sources */ = {isa = PBXBuildFile; fileRef = 6C7E57AE2B9E48E00086A32D /* Assertion.swift */; };
		6C7E57B22B9E4DB10086A32D /* Swinject in Frameworks */ = {isa = PBXBuildFile; productRef = 6C7E57B12B9E4DB10086A32D /* Swinject */; };
		6C7E57B42B9E4DB10086A32D /* Swinject-Dynamic in Frameworks */ = {isa = PBXBuildFile; productRef = 6C7E57B32B9E4DB10086A32D /* Swinject-Dynamic */; };
		6C7E57B72B9E4DE10086A32D /* AppDIContainer.swift in Sources */ = {isa = PBXBuildFile; fileRef = 6C7E57B62B9E4DE10086A32D /* AppDIContainer.swift */; };
		6C7E57B92B9E4DFA0086A32D /* DataModuleAssembly.swift in Sources */ = {isa = PBXBuildFile; fileRef = 6C7E57B82B9E4DFA0086A32D /* DataModuleAssembly.swift */; };
		6C7E57BD2B9E4F250086A32D /* DomainModuleAssembly.swift in Sources */ = {isa = PBXBuildFile; fileRef = 6C7E57BC2B9E4F250086A32D /* DomainModuleAssembly.swift */; };
		6C7E57C92B9E88690086A32D /* PortalLoginStatus.swift in Sources */ = {isa = PBXBuildFile; fileRef = 6C7E57C82B9E88690086A32D /* PortalLoginStatus.swift */; };
		6C7E57CC2B9E93000086A32D /* Stream+Extensions.swift in Sources */ = {isa = PBXBuildFile; fileRef = 6C7E57CB2B9E93000086A32D /* Stream+Extensions.swift */; };
		6CAB417B2B8BDF6D00F20D32 /* AuthPortalLoginView.swift in Sources */ = {isa = PBXBuildFile; fileRef = 6CAB417A2B8BDF6D00F20D32 /* AuthPortalLoginView.swift */; };
		6CAB417D2B8BFAF500F20D32 /* AuthUnesLoginView.swift in Sources */ = {isa = PBXBuildFile; fileRef = 6CAB417C2B8BFAF500F20D32 /* AuthUnesLoginView.swift */; };
		6CAB41822B9D22B700F20D32 /* AuthPortalLoginViewModel.swift in Sources */ = {isa = PBXBuildFile; fileRef = 6CAB41812B9D22B700F20D32 /* AuthPortalLoginViewModel.swift */; };
		6CBE069C2B8BD11500C2E649 /* UNESApp.swift in Sources */ = {isa = PBXBuildFile; fileRef = 6CBE069B2B8BD11500C2E649 /* UNESApp.swift */; };
		6CBE06A22B8BD11600C2E649 /* Assets.xcassets in Resources */ = {isa = PBXBuildFile; fileRef = 6CBE06A12B8BD11600C2E649 /* Assets.xcassets */; };
		6CBE06A52B8BD11600C2E649 /* Preview Assets.xcassets in Resources */ = {isa = PBXBuildFile; fileRef = 6CBE06A42B8BD11600C2E649 /* Preview Assets.xcassets */; };
		6CBE06AD2B8BD55A00C2E649 /* RootView.swift in Sources */ = {isa = PBXBuildFile; fileRef = 6CBE06AC2B8BD55A00C2E649 /* RootView.swift */; };
		6CBE06B12B8BD5B700C2E649 /* AuthWelcomeView.swift in Sources */ = {isa = PBXBuildFile; fileRef = 6CBE06B02B8BD5B700C2E649 /* AuthWelcomeView.swift */; };
		6CBE06B32B8BDA4900C2E649 /* AuthRootView.swift in Sources */ = {isa = PBXBuildFile; fileRef = 6CBE06B22B8BDA4900C2E649 /* AuthRootView.swift */; };
		6CBE06B52B8BDAB800C2E649 /* RootRouter.swift in Sources */ = {isa = PBXBuildFile; fileRef = 6CBE06B42B8BDAB800C2E649 /* RootRouter.swift */; };
		6CDB800C2BA6333C00A1134B /* KMPNativeCoroutinesAsync in Frameworks */ = {isa = PBXBuildFile; productRef = 6CDB800B2BA6333C00A1134B /* KMPNativeCoroutinesAsync */; };
		6CDB800E2BA6333C00A1134B /* KMPNativeCoroutinesCombine in Frameworks */ = {isa = PBXBuildFile; productRef = 6CDB800D2BA6333C00A1134B /* KMPNativeCoroutinesCombine */; };
		6CDB80102BA6333C00A1134B /* KMPNativeCoroutinesCore in Frameworks */ = {isa = PBXBuildFile; productRef = 6CDB800F2BA6333C00A1134B /* KMPNativeCoroutinesCore */; };
		6CDB80122BA6333C00A1134B /* KMPNativeCoroutinesRxSwift in Frameworks */ = {isa = PBXBuildFile; productRef = 6CDB80112BA6333C00A1134B /* KMPNativeCoroutinesRxSwift */; };
		6CDB80142BA64BA800A1134B /* HomeView.swift in Sources */ = {isa = PBXBuildFile; fileRef = 6CDB80132BA64BA800A1134B /* HomeView.swift */; };
		6CDB80172BA64D5C00A1134B /* InitializingView.swift in Sources */ = {isa = PBXBuildFile; fileRef = 6CDB80162BA64D5C00A1134B /* InitializingView.swift */; };
		6CDB80192BA64E7A00A1134B /* InitializingViewModel.swift in Sources */ = {isa = PBXBuildFile; fileRef = 6CDB80182BA64E7A00A1134B /* InitializingViewModel.swift */; };
		6CDB801C2BA6541F00A1134B /* HomeViewModel.swift in Sources */ = {isa = PBXBuildFile; fileRef = 6CDB801B2BA6541F00A1134B /* HomeViewModel.swift */; };
		6CDB80212BA6568C00A1134B /* HomeDashboardViewModel.swift in Sources */ = {isa = PBXBuildFile; fileRef = 6CDB80202BA6568C00A1134B /* HomeDashboardViewModel.swift */; };
		6CDB80232BA6569B00A1134B /* HomeDashboardView.swift in Sources */ = {isa = PBXBuildFile; fileRef = 6CDB80222BA6569B00A1134B /* HomeDashboardView.swift */; };
		6CDB80262BA66BA400A1134B /* SDWebImageSwiftUI in Frameworks */ = {isa = PBXBuildFile; productRef = 6CDB80252BA66BA400A1134B /* SDWebImageSwiftUI */; };
		6CDB80292BA671B500A1134B /* HomeScheduleView.swift in Sources */ = {isa = PBXBuildFile; fileRef = 6CDB80282BA671B500A1134B /* HomeScheduleView.swift */; };
		6CDB802C2BA68D4600A1134B /* HomeMessagesView.swift in Sources */ = {isa = PBXBuildFile; fileRef = 6CDB802B2BA68D4600A1134B /* HomeMessagesView.swift */; };
		6CDB802E2BA68DF900A1134B /* HomeMessagesViewModel.swift in Sources */ = {isa = PBXBuildFile; fileRef = 6CDB802D2BA68DF900A1134B /* HomeMessagesViewModel.swift */; };
		6CDB80312BA70FE900A1134B /* HomeDisciplinesView.swift in Sources */ = {isa = PBXBuildFile; fileRef = 6CDB80302BA70FE900A1134B /* HomeDisciplinesView.swift */; };
		6CDB80332BA71E2700A1134B /* HomeDisciplinesViewModel.swift in Sources */ = {isa = PBXBuildFile; fileRef = 6CDB80322BA71E2700A1134B /* HomeDisciplinesViewModel.swift */; };
/* End PBXBuildFile section */

/* Begin PBXFileReference section */
		6C7E57A22B9E43480086A32D /* AttestationUseCase.swift */ = {isa = PBXFileReference; lastKnownFileType = sourcecode.swift; path = AttestationUseCase.swift; sourceTree = "<group>"; };
		6C7E57A52B9E45180086A32D /* AuthRepository.swift */ = {isa = PBXFileReference; lastKnownFileType = sourcecode.swift; path = AuthRepository.swift; sourceTree = "<group>"; };
		6C7E57A82B9E45550086A32D /* AuthService.swift */ = {isa = PBXFileReference; lastKnownFileType = sourcecode.swift; path = AuthService.swift; sourceTree = "<group>"; };
		6C7E57AA2B9E47000086A32D /* BaseService.swift */ = {isa = PBXFileReference; lastKnownFileType = sourcecode.swift; path = BaseService.swift; sourceTree = "<group>"; };
		6C7E57AE2B9E48E00086A32D /* Assertion.swift */ = {isa = PBXFileReference; lastKnownFileType = sourcecode.swift; path = Assertion.swift; sourceTree = "<group>"; };
		6C7E57B62B9E4DE10086A32D /* AppDIContainer.swift */ = {isa = PBXFileReference; lastKnownFileType = sourcecode.swift; path = AppDIContainer.swift; sourceTree = "<group>"; };
		6C7E57B82B9E4DFA0086A32D /* DataModuleAssembly.swift */ = {isa = PBXFileReference; lastKnownFileType = sourcecode.swift; path = DataModuleAssembly.swift; sourceTree = "<group>"; };
		6C7E57BC2B9E4F250086A32D /* DomainModuleAssembly.swift */ = {isa = PBXFileReference; lastKnownFileType = sourcecode.swift; path = DomainModuleAssembly.swift; sourceTree = "<group>"; };
		6C7E57C82B9E88690086A32D /* PortalLoginStatus.swift */ = {isa = PBXFileReference; lastKnownFileType = sourcecode.swift; path = PortalLoginStatus.swift; sourceTree = "<group>"; };
		6C7E57CB2B9E93000086A32D /* Stream+Extensions.swift */ = {isa = PBXFileReference; lastKnownFileType = sourcecode.swift; path = "Stream+Extensions.swift"; sourceTree = "<group>"; };
		6CAB417A2B8BDF6D00F20D32 /* AuthPortalLoginView.swift */ = {isa = PBXFileReference; lastKnownFileType = sourcecode.swift; path = AuthPortalLoginView.swift; sourceTree = "<group>"; };
		6CAB417C2B8BFAF500F20D32 /* AuthUnesLoginView.swift */ = {isa = PBXFileReference; lastKnownFileType = sourcecode.swift; path = AuthUnesLoginView.swift; sourceTree = "<group>"; };
		6CAB41812B9D22B700F20D32 /* AuthPortalLoginViewModel.swift */ = {isa = PBXFileReference; lastKnownFileType = sourcecode.swift; path = AuthPortalLoginViewModel.swift; sourceTree = "<group>"; };
		6CAB41832B9D27B900F20D32 /* UNES.entitlements */ = {isa = PBXFileReference; lastKnownFileType = text.plist.entitlements; path = UNES.entitlements; sourceTree = "<group>"; };
		6CAB41842B9D27E100F20D32 /* Info.plist */ = {isa = PBXFileReference; lastKnownFileType = text.plist; path = Info.plist; sourceTree = "<group>"; };
		6CBE06982B8BD11500C2E649 /* UNES.app */ = {isa = PBXFileReference; explicitFileType = wrapper.application; includeInIndex = 0; path = UNES.app; sourceTree = BUILT_PRODUCTS_DIR; };
		6CBE069B2B8BD11500C2E649 /* UNESApp.swift */ = {isa = PBXFileReference; lastKnownFileType = sourcecode.swift; path = UNESApp.swift; sourceTree = "<group>"; };
		6CBE06A12B8BD11600C2E649 /* Assets.xcassets */ = {isa = PBXFileReference; lastKnownFileType = folder.assetcatalog; path = Assets.xcassets; sourceTree = "<group>"; };
		6CBE06A42B8BD11600C2E649 /* Preview Assets.xcassets */ = {isa = PBXFileReference; lastKnownFileType = folder.assetcatalog; path = "Preview Assets.xcassets"; sourceTree = "<group>"; };
		6CBE06AC2B8BD55A00C2E649 /* RootView.swift */ = {isa = PBXFileReference; lastKnownFileType = sourcecode.swift; path = RootView.swift; sourceTree = "<group>"; };
		6CBE06B02B8BD5B700C2E649 /* AuthWelcomeView.swift */ = {isa = PBXFileReference; lastKnownFileType = sourcecode.swift; path = AuthWelcomeView.swift; sourceTree = "<group>"; };
		6CBE06B22B8BDA4900C2E649 /* AuthRootView.swift */ = {isa = PBXFileReference; lastKnownFileType = sourcecode.swift; path = AuthRootView.swift; sourceTree = "<group>"; };
		6CBE06B42B8BDAB800C2E649 /* RootRouter.swift */ = {isa = PBXFileReference; lastKnownFileType = sourcecode.swift; path = RootRouter.swift; sourceTree = "<group>"; };
		6CDB80132BA64BA800A1134B /* HomeView.swift */ = {isa = PBXFileReference; lastKnownFileType = sourcecode.swift; path = HomeView.swift; sourceTree = "<group>"; };
		6CDB80162BA64D5C00A1134B /* InitializingView.swift */ = {isa = PBXFileReference; lastKnownFileType = sourcecode.swift; path = InitializingView.swift; sourceTree = "<group>"; };
		6CDB80182BA64E7A00A1134B /* InitializingViewModel.swift */ = {isa = PBXFileReference; lastKnownFileType = sourcecode.swift; path = InitializingViewModel.swift; sourceTree = "<group>"; };
		6CDB801B2BA6541F00A1134B /* HomeViewModel.swift */ = {isa = PBXFileReference; lastKnownFileType = sourcecode.swift; path = HomeViewModel.swift; sourceTree = "<group>"; };
		6CDB80202BA6568C00A1134B /* HomeDashboardViewModel.swift */ = {isa = PBXFileReference; lastKnownFileType = sourcecode.swift; path = HomeDashboardViewModel.swift; sourceTree = "<group>"; };
		6CDB80222BA6569B00A1134B /* HomeDashboardView.swift */ = {isa = PBXFileReference; lastKnownFileType = sourcecode.swift; path = HomeDashboardView.swift; sourceTree = "<group>"; };
		6CDB80282BA671B500A1134B /* HomeScheduleView.swift */ = {isa = PBXFileReference; lastKnownFileType = sourcecode.swift; path = HomeScheduleView.swift; sourceTree = "<group>"; };
		6CDB802B2BA68D4600A1134B /* HomeMessagesView.swift */ = {isa = PBXFileReference; lastKnownFileType = sourcecode.swift; path = HomeMessagesView.swift; sourceTree = "<group>"; };
		6CDB802D2BA68DF900A1134B /* HomeMessagesViewModel.swift */ = {isa = PBXFileReference; lastKnownFileType = sourcecode.swift; path = HomeMessagesViewModel.swift; sourceTree = "<group>"; };
		6CDB80302BA70FE900A1134B /* HomeDisciplinesView.swift */ = {isa = PBXFileReference; lastKnownFileType = sourcecode.swift; path = HomeDisciplinesView.swift; sourceTree = "<group>"; };
		6CDB80322BA71E2700A1134B /* HomeDisciplinesViewModel.swift */ = {isa = PBXFileReference; lastKnownFileType = sourcecode.swift; path = HomeDisciplinesViewModel.swift; sourceTree = "<group>"; };
/* End PBXFileReference section */

/* Begin PBXFrameworksBuildPhase section */
		6CBE06952B8BD11500C2E649 /* Frameworks */ = {
			isa = PBXFrameworksBuildPhase;
			buildActionMask = 2147483647;
			files = (
				6CDB80262BA66BA400A1134B /* SDWebImageSwiftUI in Frameworks */,
				6C7E57B22B9E4DB10086A32D /* Swinject in Frameworks */,
				6CDB80102BA6333C00A1134B /* KMPNativeCoroutinesCore in Frameworks */,
				6CDB800E2BA6333C00A1134B /* KMPNativeCoroutinesCombine in Frameworks */,
				6CDB80122BA6333C00A1134B /* KMPNativeCoroutinesRxSwift in Frameworks */,
				6C7E57B42B9E4DB10086A32D /* Swinject-Dynamic in Frameworks */,
				6CDB800C2BA6333C00A1134B /* KMPNativeCoroutinesAsync in Frameworks */,
			);
			runOnlyForDeploymentPostprocessing = 0;
		};
/* End PBXFrameworksBuildPhase section */

/* Begin PBXGroup section */
		6C507A502BA3CAE900A217A5 /* Frameworks */ = {
			isa = PBXGroup;
			children = (
			);
			name = Frameworks;
			sourceTree = "<group>";
		};
		6C7E579F2B9E42FA0086A32D /* Domain */ = {
			isa = PBXGroup;
			children = (
				6C7E57C62B9E88460086A32D /* Model */,
				6C7E57BB2B9E4F150086A32D /* DI */,
				6C7E57A12B9E432D0086A32D /* UseCase */,
			);
			path = Domain;
			sourceTree = "<group>";
		};
		6C7E57A02B9E43030086A32D /* Data */ = {
			isa = PBXGroup;
			children = (
				6C7E57BA2B9E4F070086A32D /* DI */,
				6C7E57AC2B9E485B0086A32D /* Model */,
				6C7E57A72B9E45430086A32D /* Network */,
				6C7E57A42B9E45000086A32D /* Repository */,
			);
			path = Data;
			sourceTree = "<group>";
		};
		6C7E57A12B9E432D0086A32D /* UseCase */ = {
			isa = PBXGroup;
			children = (
				6C7E57C32B9E789E0086A32D /* Auth */,
			);
			path = UseCase;
			sourceTree = "<group>";
		};
		6C7E57A42B9E45000086A32D /* Repository */ = {
			isa = PBXGroup;
			children = (
				6C7E57A52B9E45180086A32D /* AuthRepository.swift */,
			);
			path = Repository;
			sourceTree = "<group>";
		};
		6C7E57A72B9E45430086A32D /* Network */ = {
			isa = PBXGroup;
			children = (
				6C7E57A82B9E45550086A32D /* AuthService.swift */,
				6C7E57AA2B9E47000086A32D /* BaseService.swift */,
			);
			path = Network;
			sourceTree = "<group>";
		};
		6C7E57AC2B9E485B0086A32D /* Model */ = {
			isa = PBXGroup;
			children = (
				6C7E57BE2B9E732D0086A32D /* Storage */,
				6C7E57AD2B9E48620086A32D /* Auth */,
			);
			path = Model;
			sourceTree = "<group>";
		};
		6C7E57AD2B9E48620086A32D /* Auth */ = {
			isa = PBXGroup;
			children = (
				6C7E57AE2B9E48E00086A32D /* Assertion.swift */,
			);
			path = Auth;
			sourceTree = "<group>";
		};
		6C7E57B52B9E4DBF0086A32D /* DI */ = {
			isa = PBXGroup;
			children = (
				6C7E57B62B9E4DE10086A32D /* AppDIContainer.swift */,
			);
			path = DI;
			sourceTree = "<group>";
		};
		6C7E57BA2B9E4F070086A32D /* DI */ = {
			isa = PBXGroup;
			children = (
				6C7E57B82B9E4DFA0086A32D /* DataModuleAssembly.swift */,
			);
			path = DI;
			sourceTree = "<group>";
		};
		6C7E57BB2B9E4F150086A32D /* DI */ = {
			isa = PBXGroup;
			children = (
				6C7E57BC2B9E4F250086A32D /* DomainModuleAssembly.swift */,
			);
			path = DI;
			sourceTree = "<group>";
		};
		6C7E57BE2B9E732D0086A32D /* Storage */ = {
			isa = PBXGroup;
			children = (
				6C7E57BF2B9E733D0086A32D /* Entity */,
			);
			path = Storage;
			sourceTree = "<group>";
		};
		6C7E57BF2B9E733D0086A32D /* Entity */ = {
			isa = PBXGroup;
			children = (
			);
			path = Entity;
			sourceTree = "<group>";
		};
		6C7E57C32B9E789E0086A32D /* Auth */ = {
			isa = PBXGroup;
			children = (
				6C7E57A22B9E43480086A32D /* AttestationUseCase.swift */,
			);
			path = Auth;
			sourceTree = "<group>";
		};
		6C7E57C62B9E88460086A32D /* Model */ = {
			isa = PBXGroup;
			children = (
				6C7E57C72B9E884F0086A32D /* Auth */,
			);
			path = Model;
			sourceTree = "<group>";
		};
		6C7E57C72B9E884F0086A32D /* Auth */ = {
			isa = PBXGroup;
			children = (
				6C7E57C82B9E88690086A32D /* PortalLoginStatus.swift */,
			);
			path = Auth;
			sourceTree = "<group>";
		};
		6C7E57CA2B9E92EE0086A32D /* Extensions */ = {
			isa = PBXGroup;
			children = (
				6C7E57CB2B9E93000086A32D /* Stream+Extensions.swift */,
			);
			path = Extensions;
			sourceTree = "<group>";
		};
		6CAB41802B9D229500F20D32 /* PortalLogin */ = {
			isa = PBXGroup;
			children = (
				6CAB417A2B8BDF6D00F20D32 /* AuthPortalLoginView.swift */,
				6CAB41812B9D22B700F20D32 /* AuthPortalLoginViewModel.swift */,
			);
			path = PortalLogin;
			sourceTree = "<group>";
		};
		6CBE068F2B8BD11500C2E649 = {
			isa = PBXGroup;
			children = (
				6CBE069A2B8BD11500C2E649 /* UNES */,
				6CBE06992B8BD11500C2E649 /* Products */,
				6C507A502BA3CAE900A217A5 /* Frameworks */,
			);
			sourceTree = "<group>";
		};
		6CBE06992B8BD11500C2E649 /* Products */ = {
			isa = PBXGroup;
			children = (
				6CBE06982B8BD11500C2E649 /* UNES.app */,
			);
			name = Products;
			sourceTree = "<group>";
		};
		6CBE069A2B8BD11500C2E649 /* UNES */ = {
			isa = PBXGroup;
			children = (
				6C7E57CA2B9E92EE0086A32D /* Extensions */,
				6C7E57B52B9E4DBF0086A32D /* DI */,
				6C7E57A02B9E43030086A32D /* Data */,
				6C7E579F2B9E42FA0086A32D /* Domain */,
				6CBE06AB2B8BD53C00C2E649 /* View */,
				6CAB41842B9D27E100F20D32 /* Info.plist */,
				6CAB41832B9D27B900F20D32 /* UNES.entitlements */,
				6CBE069B2B8BD11500C2E649 /* UNESApp.swift */,
				6CBE06A12B8BD11600C2E649 /* Assets.xcassets */,
				6CBE06A32B8BD11600C2E649 /* Preview Content */,
			);
			path = UNES;
			sourceTree = "<group>";
		};
		6CBE06A32B8BD11600C2E649 /* Preview Content */ = {
			isa = PBXGroup;
			children = (
				6CBE06A42B8BD11600C2E649 /* Preview Assets.xcassets */,
			);
			path = "Preview Content";
			sourceTree = "<group>";
		};
		6CBE06AB2B8BD53C00C2E649 /* View */ = {
			isa = PBXGroup;
			children = (
				6CDB80152BA64D4600A1134B /* Initializing */,
				6CBE06AF2B8BD56B00C2E649 /* Home */,
				6CBE06AE2B8BD56500C2E649 /* Auth */,
				6CBE06AC2B8BD55A00C2E649 /* RootView.swift */,
				6CBE06B42B8BDAB800C2E649 /* RootRouter.swift */,
			);
			path = View;
			sourceTree = "<group>";
		};
		6CBE06AE2B8BD56500C2E649 /* Auth */ = {
			isa = PBXGroup;
			children = (
				6CAB41802B9D229500F20D32 /* PortalLogin */,
				6CBE06B02B8BD5B700C2E649 /* AuthWelcomeView.swift */,
				6CBE06B22B8BDA4900C2E649 /* AuthRootView.swift */,
				6CAB417C2B8BFAF500F20D32 /* AuthUnesLoginView.swift */,
			);
			path = Auth;
			sourceTree = "<group>";
		};
		6CBE06AF2B8BD56B00C2E649 /* Home */ = {
			isa = PBXGroup;
			children = (
				6CDB802F2BA70FD400A1134B /* Disciplines */,
				6CDB802A2BA68D3100A1134B /* Messages */,
				6CDB80272BA671A400A1134B /* Schedule */,
				6CDB801F2BA6567A00A1134B /* Dashboard */,
				6CDB80132BA64BA800A1134B /* HomeView.swift */,
				6CDB801B2BA6541F00A1134B /* HomeViewModel.swift */,
			);
			path = Home;
			sourceTree = "<group>";
		};
		6CDB80152BA64D4600A1134B /* Initializing */ = {
			isa = PBXGroup;
			children = (
				6CDB80162BA64D5C00A1134B /* InitializingView.swift */,
				6CDB80182BA64E7A00A1134B /* InitializingViewModel.swift */,
			);
			path = Initializing;
			sourceTree = "<group>";
		};
		6CDB801F2BA6567A00A1134B /* Dashboard */ = {
			isa = PBXGroup;
			children = (
				6CDB80202BA6568C00A1134B /* HomeDashboardViewModel.swift */,
				6CDB80222BA6569B00A1134B /* HomeDashboardView.swift */,
			);
			path = Dashboard;
			sourceTree = "<group>";
		};
		6CDB80272BA671A400A1134B /* Schedule */ = {
			isa = PBXGroup;
			children = (
				6CDB80282BA671B500A1134B /* HomeScheduleView.swift */,
			);
			path = Schedule;
			sourceTree = "<group>";
		};
		6CDB802A2BA68D3100A1134B /* Messages */ = {
			isa = PBXGroup;
			children = (
				6CDB802B2BA68D4600A1134B /* HomeMessagesView.swift */,
				6CDB802D2BA68DF900A1134B /* HomeMessagesViewModel.swift */,
			);
			path = Messages;
			sourceTree = "<group>";
		};
		6CDB802F2BA70FD400A1134B /* Disciplines */ = {
			isa = PBXGroup;
			children = (
				6CDB80302BA70FE900A1134B /* HomeDisciplinesView.swift */,
				6CDB80322BA71E2700A1134B /* HomeDisciplinesViewModel.swift */,
			);
			path = Disciplines;
			sourceTree = "<group>";
		};
/* End PBXGroup section */

/* Begin PBXNativeTarget section */
		6CBE06972B8BD11500C2E649 /* UNES */ = {
			isa = PBXNativeTarget;
			buildConfigurationList = 6CBE06A82B8BD11600C2E649 /* Build configuration list for PBXNativeTarget "UNES" */;
			buildPhases = (
				6C507A682BA3CEE300A217A5 /* Build Shared KMM Module */,
				6CBE06942B8BD11500C2E649 /* Sources */,
				6CBE06952B8BD11500C2E649 /* Frameworks */,
				6CBE06962B8BD11500C2E649 /* Resources */,
			);
			buildRules = (
			);
			dependencies = (
			);
			name = UNES;
			packageProductDependencies = (
				6C7E57B12B9E4DB10086A32D /* Swinject */,
				6C7E57B32B9E4DB10086A32D /* Swinject-Dynamic */,
				6CDB800B2BA6333C00A1134B /* KMPNativeCoroutinesAsync */,
				6CDB800D2BA6333C00A1134B /* KMPNativeCoroutinesCombine */,
				6CDB800F2BA6333C00A1134B /* KMPNativeCoroutinesCore */,
				6CDB80112BA6333C00A1134B /* KMPNativeCoroutinesRxSwift */,
				6CDB80252BA66BA400A1134B /* SDWebImageSwiftUI */,
			);
			productName = UNES;
			productReference = 6CBE06982B8BD11500C2E649 /* UNES.app */;
			productType = "com.apple.product-type.application";
		};
/* End PBXNativeTarget section */

/* Begin PBXProject section */
		6CBE06902B8BD11500C2E649 /* Project object */ = {
			isa = PBXProject;
			attributes = {
				BuildIndependentTargetsInParallel = 1;
				LastSwiftUpdateCheck = 1520;
				LastUpgradeCheck = 1520;
				TargetAttributes = {
					6CBE06972B8BD11500C2E649 = {
						CreatedOnToolsVersion = 15.2;
					};
				};
			};
			buildConfigurationList = 6CBE06932B8BD11500C2E649 /* Build configuration list for PBXProject "UNES" */;
			compatibilityVersion = "Xcode 14.0";
			developmentRegion = "pt-BR";
			hasScannedForEncodings = 0;
			knownRegions = (
				Base,
				"pt-BR",
			);
			mainGroup = 6CBE068F2B8BD11500C2E649;
			packageReferences = (
				6C7E57B02B9E4DB10086A32D /* XCRemoteSwiftPackageReference "Swinject" */,
				6CDB800A2BA6333C00A1134B /* XCRemoteSwiftPackageReference "KMP-NativeCoroutines" */,
				6CDB80242BA66BA400A1134B /* XCRemoteSwiftPackageReference "SDWebImageSwiftUI" */,
			);
			productRefGroup = 6CBE06992B8BD11500C2E649 /* Products */;
			projectDirPath = "";
			projectRoot = "";
			targets = (
				6CBE06972B8BD11500C2E649 /* UNES */,
			);
		};
/* End PBXProject section */

/* Begin PBXResourcesBuildPhase section */
		6CBE06962B8BD11500C2E649 /* Resources */ = {
			isa = PBXResourcesBuildPhase;
			buildActionMask = 2147483647;
			files = (
				6CBE06A52B8BD11600C2E649 /* Preview Assets.xcassets in Resources */,
				6CBE06A22B8BD11600C2E649 /* Assets.xcassets in Resources */,
			);
			runOnlyForDeploymentPostprocessing = 0;
		};
/* End PBXResourcesBuildPhase section */

/* Begin PBXShellScriptBuildPhase section */
		6C507A682BA3CEE300A217A5 /* Build Shared KMM Module */ = {
			isa = PBXShellScriptBuildPhase;
			alwaysOutOfDate = 1;
			buildActionMask = 2147483647;
			files = (
			);
			inputFileListPaths = (
			);
			inputPaths = (
			);
			name = "Build Shared KMM Module";
			outputFileListPaths = (
			);
			outputPaths = (
			);
			runOnlyForDeploymentPostprocessing = 0;
			shellPath = /bin/sh;
			shellScript = "cd \"$SRCROOT/../Club\"\n\necho \"Building :shared module\"\n./gradlew :shared:embedAndSignAppleFrameworkForXcode --stacktrace\n";
		};
/* End PBXShellScriptBuildPhase section */

/* Begin PBXSourcesBuildPhase section */
		6CBE06942B8BD11500C2E649 /* Sources */ = {
			isa = PBXSourcesBuildPhase;
			buildActionMask = 2147483647;
			files = (
				6C7E57B72B9E4DE10086A32D /* AppDIContainer.swift in Sources */,
				6CDB802C2BA68D4600A1134B /* HomeMessagesView.swift in Sources */,
				6CDB80332BA71E2700A1134B /* HomeDisciplinesViewModel.swift in Sources */,
				6CDB802E2BA68DF900A1134B /* HomeMessagesViewModel.swift in Sources */,
				6CDB801C2BA6541F00A1134B /* HomeViewModel.swift in Sources */,
				6CAB417D2B8BFAF500F20D32 /* AuthUnesLoginView.swift in Sources */,
				6CBE06AD2B8BD55A00C2E649 /* RootView.swift in Sources */,
				6CDB80172BA64D5C00A1134B /* InitializingView.swift in Sources */,
				6C7E57AF2B9E48E00086A32D /* Assertion.swift in Sources */,
				6CDB80192BA64E7A00A1134B /* InitializingViewModel.swift in Sources */,
				6C7E57C92B9E88690086A32D /* PortalLoginStatus.swift in Sources */,
				6CBE06B32B8BDA4900C2E649 /* AuthRootView.swift in Sources */,
				6CDB80312BA70FE900A1134B /* HomeDisciplinesView.swift in Sources */,
				6C7E57AB2B9E47000086A32D /* BaseService.swift in Sources */,
				6CBE06B12B8BD5B700C2E649 /* AuthWelcomeView.swift in Sources */,
				6C7E57B92B9E4DFA0086A32D /* DataModuleAssembly.swift in Sources */,
				6CAB417B2B8BDF6D00F20D32 /* AuthPortalLoginView.swift in Sources */,
				6C7E57A92B9E45550086A32D /* AuthService.swift in Sources */,
				6CAB41822B9D22B700F20D32 /* AuthPortalLoginViewModel.swift in Sources */,
				6CDB80212BA6568C00A1134B /* HomeDashboardViewModel.swift in Sources */,
				6C7E57A32B9E43480086A32D /* AttestationUseCase.swift in Sources */,
				6C7E57CC2B9E93000086A32D /* Stream+Extensions.swift in Sources */,
				6C7E57BD2B9E4F250086A32D /* DomainModuleAssembly.swift in Sources */,
				6CBE06B52B8BDAB800C2E649 /* RootRouter.swift in Sources */,
				6C7E57A62B9E45180086A32D /* AuthRepository.swift in Sources */,
				6CBE069C2B8BD11500C2E649 /* UNESApp.swift in Sources */,
				6CDB80292BA671B500A1134B /* HomeScheduleView.swift in Sources */,
				6CDB80232BA6569B00A1134B /* HomeDashboardView.swift in Sources */,
				6CDB80142BA64BA800A1134B /* HomeView.swift in Sources */,
			);
			runOnlyForDeploymentPostprocessing = 0;
		};
/* End PBXSourcesBuildPhase section */

/* Begin XCBuildConfiguration section */
		6CBE06A62B8BD11600C2E649 /* Debug */ = {
			isa = XCBuildConfiguration;
			buildSettings = {
				ALWAYS_SEARCH_USER_PATHS = NO;
				ASSETCATALOG_COMPILER_GENERATE_SWIFT_ASSET_SYMBOL_EXTENSIONS = YES;
				CLANG_ANALYZER_NONNULL = YES;
				CLANG_ANALYZER_NUMBER_OBJECT_CONVERSION = YES_AGGRESSIVE;
				CLANG_CXX_LANGUAGE_STANDARD = "gnu++20";
				CLANG_ENABLE_MODULES = YES;
				CLANG_ENABLE_OBJC_ARC = YES;
				CLANG_ENABLE_OBJC_WEAK = YES;
				CLANG_WARN_BLOCK_CAPTURE_AUTORELEASING = YES;
				CLANG_WARN_BOOL_CONVERSION = YES;
				CLANG_WARN_COMMA = YES;
				CLANG_WARN_CONSTANT_CONVERSION = YES;
				CLANG_WARN_DEPRECATED_OBJC_IMPLEMENTATIONS = YES;
				CLANG_WARN_DIRECT_OBJC_ISA_USAGE = YES_ERROR;
				CLANG_WARN_DOCUMENTATION_COMMENTS = YES;
				CLANG_WARN_EMPTY_BODY = YES;
				CLANG_WARN_ENUM_CONVERSION = YES;
				CLANG_WARN_INFINITE_RECURSION = YES;
				CLANG_WARN_INT_CONVERSION = YES;
				CLANG_WARN_NON_LITERAL_NULL_CONVERSION = YES;
				CLANG_WARN_OBJC_IMPLICIT_RETAIN_SELF = YES;
				CLANG_WARN_OBJC_LITERAL_CONVERSION = YES;
				CLANG_WARN_OBJC_ROOT_CLASS = YES_ERROR;
				CLANG_WARN_QUOTED_INCLUDE_IN_FRAMEWORK_HEADER = YES;
				CLANG_WARN_RANGE_LOOP_ANALYSIS = YES;
				CLANG_WARN_STRICT_PROTOTYPES = YES;
				CLANG_WARN_SUSPICIOUS_MOVE = YES;
				CLANG_WARN_UNGUARDED_AVAILABILITY = YES_AGGRESSIVE;
				CLANG_WARN_UNREACHABLE_CODE = YES;
				CLANG_WARN__DUPLICATE_METHOD_MATCH = YES;
				COPY_PHASE_STRIP = NO;
				DEBUG_INFORMATION_FORMAT = dwarf;
				ENABLE_STRICT_OBJC_MSGSEND = YES;
				ENABLE_TESTABILITY = YES;
				ENABLE_USER_SCRIPT_SANDBOXING = YES;
				GCC_C_LANGUAGE_STANDARD = gnu17;
				GCC_DYNAMIC_NO_PIC = NO;
				GCC_NO_COMMON_BLOCKS = YES;
				GCC_OPTIMIZATION_LEVEL = 0;
				GCC_PREPROCESSOR_DEFINITIONS = (
					"DEBUG=1",
					"$(inherited)",
				);
				GCC_WARN_64_TO_32_BIT_CONVERSION = YES;
				GCC_WARN_ABOUT_RETURN_TYPE = YES_ERROR;
				GCC_WARN_UNDECLARED_SELECTOR = YES;
				GCC_WARN_UNINITIALIZED_AUTOS = YES_AGGRESSIVE;
				GCC_WARN_UNUSED_FUNCTION = YES;
				GCC_WARN_UNUSED_VARIABLE = YES;
				IPHONEOS_DEPLOYMENT_TARGET = 17.4;
				LOCALIZATION_PREFERS_STRING_CATALOGS = YES;
				MTL_ENABLE_DEBUG_INFO = INCLUDE_SOURCE;
				MTL_FAST_MATH = YES;
				ONLY_ACTIVE_ARCH = YES;
				SDKROOT = iphoneos;
				SWIFT_ACTIVE_COMPILATION_CONDITIONS = "DEBUG $(inherited)";
				SWIFT_OPTIMIZATION_LEVEL = "-Onone";
			};
			name = Debug;
		};
		6CBE06A72B8BD11600C2E649 /* Release */ = {
			isa = XCBuildConfiguration;
			buildSettings = {
				ALWAYS_SEARCH_USER_PATHS = NO;
				ASSETCATALOG_COMPILER_GENERATE_SWIFT_ASSET_SYMBOL_EXTENSIONS = YES;
				CLANG_ANALYZER_NONNULL = YES;
				CLANG_ANALYZER_NUMBER_OBJECT_CONVERSION = YES_AGGRESSIVE;
				CLANG_CXX_LANGUAGE_STANDARD = "gnu++20";
				CLANG_ENABLE_MODULES = YES;
				CLANG_ENABLE_OBJC_ARC = YES;
				CLANG_ENABLE_OBJC_WEAK = YES;
				CLANG_WARN_BLOCK_CAPTURE_AUTORELEASING = YES;
				CLANG_WARN_BOOL_CONVERSION = YES;
				CLANG_WARN_COMMA = YES;
				CLANG_WARN_CONSTANT_CONVERSION = YES;
				CLANG_WARN_DEPRECATED_OBJC_IMPLEMENTATIONS = YES;
				CLANG_WARN_DIRECT_OBJC_ISA_USAGE = YES_ERROR;
				CLANG_WARN_DOCUMENTATION_COMMENTS = YES;
				CLANG_WARN_EMPTY_BODY = YES;
				CLANG_WARN_ENUM_CONVERSION = YES;
				CLANG_WARN_INFINITE_RECURSION = YES;
				CLANG_WARN_INT_CONVERSION = YES;
				CLANG_WARN_NON_LITERAL_NULL_CONVERSION = YES;
				CLANG_WARN_OBJC_IMPLICIT_RETAIN_SELF = YES;
				CLANG_WARN_OBJC_LITERAL_CONVERSION = YES;
				CLANG_WARN_OBJC_ROOT_CLASS = YES_ERROR;
				CLANG_WARN_QUOTED_INCLUDE_IN_FRAMEWORK_HEADER = YES;
				CLANG_WARN_RANGE_LOOP_ANALYSIS = YES;
				CLANG_WARN_STRICT_PROTOTYPES = YES;
				CLANG_WARN_SUSPICIOUS_MOVE = YES;
				CLANG_WARN_UNGUARDED_AVAILABILITY = YES_AGGRESSIVE;
				CLANG_WARN_UNREACHABLE_CODE = YES;
				CLANG_WARN__DUPLICATE_METHOD_MATCH = YES;
				COPY_PHASE_STRIP = NO;
				DEBUG_INFORMATION_FORMAT = "dwarf-with-dsym";
				ENABLE_NS_ASSERTIONS = NO;
				ENABLE_STRICT_OBJC_MSGSEND = YES;
				ENABLE_USER_SCRIPT_SANDBOXING = YES;
				GCC_C_LANGUAGE_STANDARD = gnu17;
				GCC_NO_COMMON_BLOCKS = YES;
				GCC_WARN_64_TO_32_BIT_CONVERSION = YES;
				GCC_WARN_ABOUT_RETURN_TYPE = YES_ERROR;
				GCC_WARN_UNDECLARED_SELECTOR = YES;
				GCC_WARN_UNINITIALIZED_AUTOS = YES_AGGRESSIVE;
				GCC_WARN_UNUSED_FUNCTION = YES;
				GCC_WARN_UNUSED_VARIABLE = YES;
				IPHONEOS_DEPLOYMENT_TARGET = 17.4;
				LOCALIZATION_PREFERS_STRING_CATALOGS = YES;
				MTL_ENABLE_DEBUG_INFO = NO;
				MTL_FAST_MATH = YES;
				SDKROOT = iphoneos;
				SWIFT_COMPILATION_MODE = wholemodule;
				VALIDATE_PRODUCT = YES;
			};
			name = Release;
		};
		6CBE06A92B8BD11600C2E649 /* Debug */ = {
			isa = XCBuildConfiguration;
			buildSettings = {
				ASSETCATALOG_COMPILER_APPICON_NAME = AppIcon;
				ASSETCATALOG_COMPILER_GLOBAL_ACCENT_COLOR_NAME = AccentColor;
				CODE_SIGN_ENTITLEMENTS = UNES/UNES.entitlements;
				CODE_SIGN_STYLE = Automatic;
				CURRENT_PROJECT_VERSION = 1;
				DEVELOPMENT_ASSET_PATHS = "\"UNES/Preview Content\"";
				DEVELOPMENT_TEAM = 5GH6Q6KS69;
				ENABLE_PREVIEWS = YES;
				ENABLE_USER_SCRIPT_SANDBOXING = NO;
				FRAMEWORK_SEARCH_PATHS = "$(SRCROOT)/../Club/shared/build/xcode-frameworks/$(CONFIGURATION)/$(SDK_NAME)";
				GENERATE_INFOPLIST_FILE = YES;
				INFOPLIST_FILE = UNES/Info.plist;
				INFOPLIST_KEY_LSApplicationCategoryType = "public.app-category.education";
				INFOPLIST_KEY_UIApplicationSceneManifest_Generation = YES;
				INFOPLIST_KEY_UIApplicationSupportsIndirectInputEvents = YES;
				INFOPLIST_KEY_UILaunchScreen_Generation = YES;
				INFOPLIST_KEY_UISupportedInterfaceOrientations_iPad = "UIInterfaceOrientationPortrait UIInterfaceOrientationPortraitUpsideDown UIInterfaceOrientationLandscapeLeft UIInterfaceOrientationLandscapeRight";
				INFOPLIST_KEY_UISupportedInterfaceOrientations_iPhone = "UIInterfaceOrientationPortrait UIInterfaceOrientationLandscapeLeft UIInterfaceOrientationLandscapeRight";
				IPHONEOS_DEPLOYMENT_TARGET = 16.4;
				LD_RUNPATH_SEARCH_PATHS = (
					"$(inherited)",
					"@executable_path/Frameworks",
				);
				MARKETING_VERSION = 1.0;
				OTHER_LDFLAGS = (
					"$(inherited)",
					"-framework",
					Club,
					"-lsqlite3",
				);
				PRODUCT_BUNDLE_IDENTIFIER = dev.forcetower.unes.ios;
				PRODUCT_NAME = "$(TARGET_NAME)";
				SWIFT_EMIT_LOC_STRINGS = YES;
				SWIFT_VERSION = 5.0;
				TARGETED_DEVICE_FAMILY = "1,2";
			};
			name = Debug;
		};
		6CBE06AA2B8BD11600C2E649 /* Release */ = {
			isa = XCBuildConfiguration;
			buildSettings = {
				ASSETCATALOG_COMPILER_APPICON_NAME = AppIcon;
				ASSETCATALOG_COMPILER_GLOBAL_ACCENT_COLOR_NAME = AccentColor;
				CODE_SIGN_ENTITLEMENTS = UNES/UNES.entitlements;
				CODE_SIGN_STYLE = Automatic;
				CURRENT_PROJECT_VERSION = 1;
				DEVELOPMENT_ASSET_PATHS = "\"UNES/Preview Content\"";
				DEVELOPMENT_TEAM = 5GH6Q6KS69;
				ENABLE_PREVIEWS = YES;
				ENABLE_USER_SCRIPT_SANDBOXING = NO;
				FRAMEWORK_SEARCH_PATHS = "$(SRCROOT)/../Club/shared/build/xcode-frameworks/$(CONFIGURATION)/$(SDK_NAME)";
				GENERATE_INFOPLIST_FILE = YES;
				INFOPLIST_FILE = UNES/Info.plist;
				INFOPLIST_KEY_LSApplicationCategoryType = "public.app-category.education";
				INFOPLIST_KEY_UIApplicationSceneManifest_Generation = YES;
				INFOPLIST_KEY_UIApplicationSupportsIndirectInputEvents = YES;
				INFOPLIST_KEY_UILaunchScreen_Generation = YES;
				INFOPLIST_KEY_UISupportedInterfaceOrientations_iPad = "UIInterfaceOrientationPortrait UIInterfaceOrientationPortraitUpsideDown UIInterfaceOrientationLandscapeLeft UIInterfaceOrientationLandscapeRight";
				INFOPLIST_KEY_UISupportedInterfaceOrientations_iPhone = "UIInterfaceOrientationPortrait UIInterfaceOrientationLandscapeLeft UIInterfaceOrientationLandscapeRight";
				IPHONEOS_DEPLOYMENT_TARGET = 16.4;
				LD_RUNPATH_SEARCH_PATHS = (
					"$(inherited)",
					"@executable_path/Frameworks",
				);
				MARKETING_VERSION = 1.0;
				OTHER_LDFLAGS = (
					"$(inherited)",
					"-framework",
					Club,
					"-lsqlite3",
				);
				PRODUCT_BUNDLE_IDENTIFIER = dev.forcetower.unes.ios;
				PRODUCT_NAME = "$(TARGET_NAME)";
				SWIFT_EMIT_LOC_STRINGS = YES;
				SWIFT_VERSION = 5.0;
				TARGETED_DEVICE_FAMILY = "1,2";
			};
			name = Release;
		};
/* End XCBuildConfiguration section */

/* Begin XCConfigurationList section */
		6CBE06932B8BD11500C2E649 /* Build configuration list for PBXProject "UNES" */ = {
			isa = XCConfigurationList;
			buildConfigurations = (
				6CBE06A62B8BD11600C2E649 /* Debug */,
				6CBE06A72B8BD11600C2E649 /* Release */,
			);
			defaultConfigurationIsVisible = 0;
			defaultConfigurationName = Release;
		};
		6CBE06A82B8BD11600C2E649 /* Build configuration list for PBXNativeTarget "UNES" */ = {
			isa = XCConfigurationList;
			buildConfigurations = (
				6CBE06A92B8BD11600C2E649 /* Debug */,
				6CBE06AA2B8BD11600C2E649 /* Release */,
			);
			defaultConfigurationIsVisible = 0;
			defaultConfigurationName = Release;
		};
/* End XCConfigurationList section */

/* Begin XCRemoteSwiftPackageReference section */
		6C7E57B02B9E4DB10086A32D /* XCRemoteSwiftPackageReference "Swinject" */ = {
			isa = XCRemoteSwiftPackageReference;
			repositoryURL = "https://github.com/Swinject/Swinject.git";
			requirement = {
				kind = upToNextMajorVersion;
				minimumVersion = 2.8.4;
			};
		};
		6CDB800A2BA6333C00A1134B /* XCRemoteSwiftPackageReference "KMP-NativeCoroutines" */ = {
			isa = XCRemoteSwiftPackageReference;
			repositoryURL = "https://github.com/rickclephas/KMP-NativeCoroutines.git";
			requirement = {
				branch = master;
				kind = branch;
			};
		};
		6CDB80242BA66BA400A1134B /* XCRemoteSwiftPackageReference "SDWebImageSwiftUI" */ = {
			isa = XCRemoteSwiftPackageReference;
			repositoryURL = "https://github.com/SDWebImage/SDWebImageSwiftUI.git";
			requirement = {
				kind = upToNextMajorVersion;
				minimumVersion = 3.0.0;
			};
		};
/* End XCRemoteSwiftPackageReference section */

/* Begin XCSwiftPackageProductDependency section */
		6C7E57B12B9E4DB10086A32D /* Swinject */ = {
			isa = XCSwiftPackageProductDependency;
			package = 6C7E57B02B9E4DB10086A32D /* XCRemoteSwiftPackageReference "Swinject" */;
			productName = Swinject;
		};
		6C7E57B32B9E4DB10086A32D /* Swinject-Dynamic */ = {
			isa = XCSwiftPackageProductDependency;
			package = 6C7E57B02B9E4DB10086A32D /* XCRemoteSwiftPackageReference "Swinject" */;
			productName = "Swinject-Dynamic";
		};
		6CDB800B2BA6333C00A1134B /* KMPNativeCoroutinesAsync */ = {
			isa = XCSwiftPackageProductDependency;
			package = 6CDB800A2BA6333C00A1134B /* XCRemoteSwiftPackageReference "KMP-NativeCoroutines" */;
			productName = KMPNativeCoroutinesAsync;
		};
		6CDB800D2BA6333C00A1134B /* KMPNativeCoroutinesCombine */ = {
			isa = XCSwiftPackageProductDependency;
			package = 6CDB800A2BA6333C00A1134B /* XCRemoteSwiftPackageReference "KMP-NativeCoroutines" */;
			productName = KMPNativeCoroutinesCombine;
		};
		6CDB800F2BA6333C00A1134B /* KMPNativeCoroutinesCore */ = {
			isa = XCSwiftPackageProductDependency;
			package = 6CDB800A2BA6333C00A1134B /* XCRemoteSwiftPackageReference "KMP-NativeCoroutines" */;
			productName = KMPNativeCoroutinesCore;
		};
		6CDB80112BA6333C00A1134B /* KMPNativeCoroutinesRxSwift */ = {
			isa = XCSwiftPackageProductDependency;
			package = 6CDB800A2BA6333C00A1134B /* XCRemoteSwiftPackageReference "KMP-NativeCoroutines" */;
			productName = KMPNativeCoroutinesRxSwift;
		};
		6CDB80252BA66BA400A1134B /* SDWebImageSwiftUI */ = {
			isa = XCSwiftPackageProductDependency;
			package = 6CDB80242BA66BA400A1134B /* XCRemoteSwiftPackageReference "SDWebImageSwiftUI" */;
			productName = SDWebImageSwiftUI;
		};
/* End XCSwiftPackageProductDependency section */
	};
	rootObject = 6CBE06902B8BD11500C2E649 /* Project object */;
}
